// !$*UTF8*$!
{
	archiveVersion = 1;
	classes = {
	};
	objectVersion = 56;
	objects = {

/* Begin PBXBuildFile section */
		9E84F47028EF318B0082A1DC /* SwiftUI_Demo_AppApp.swift in Sources */ = {isa = PBXBuildFile; fileRef = 9E84F46F28EF318B0082A1DC /* SwiftUI_Demo_AppApp.swift */; };
		9E84F47228EF318B0082A1DC /* ContentView.swift in Sources */ = {isa = PBXBuildFile; fileRef = 9E84F47128EF318B0082A1DC /* ContentView.swift */; };
		9E84F47428EF318C0082A1DC /* Assets.xcassets in Resources */ = {isa = PBXBuildFile; fileRef = 9E84F47328EF318C0082A1DC /* Assets.xcassets */; };
		9E84F47728EF318C0082A1DC /* Preview Assets.xcassets in Resources */ = {isa = PBXBuildFile; fileRef = 9E84F47628EF318C0082A1DC /* Preview Assets.xcassets */; };
		9E84F4A028F479770082A1DC /* ShareViewController.swift in Sources */ = {isa = PBXBuildFile; fileRef = 9E84F49F28F479770082A1DC /* ShareViewController.swift */; };
		9E84F4A328F479770082A1DC /* MainInterface.storyboard in Resources */ = {isa = PBXBuildFile; fileRef = 9E84F4A128F479770082A1DC /* MainInterface.storyboard */; };
		9E84F4A728F479770082A1DC /* ShareExtension.appex in Embed Foundation Extensions */ = {isa = PBXBuildFile; fileRef = 9E84F49D28F479770082A1DC /* ShareExtension.appex */; settings = {ATTRIBUTES = (RemoveHeadersOnCopy, ); }; };
		9E84F4B328F47AA50082A1DC /* icon.icns in Resources */ = {isa = PBXBuildFile; fileRef = 9E84F4B228F47AA50082A1DC /* icon.icns */; };
		9E84F4B528F47AA50082A1DC /* ShareViewController.swift in Sources */ = {isa = PBXBuildFile; fileRef = 9E84F4B428F47AA50082A1DC /* ShareViewController.swift */; };
		9E84F4B828F47AA50082A1DC /* ShareViewController.xib in Resources */ = {isa = PBXBuildFile; fileRef = 9E84F4B628F47AA50082A1DC /* ShareViewController.xib */; };
		9E84F4C328F485F50082A1DC /* WeatherKit.framework in Frameworks */ = {isa = PBXBuildFile; fileRef = 9E84F4C228F485F40082A1DC /* WeatherKit.framework */; };
		9E84F5DC28FE9BDD0082A1DC /* SwiftUI_Demo_AppUITests.swift in Sources */ = {isa = PBXBuildFile; fileRef = 9E84F5DB28FE9BDD0082A1DC /* SwiftUI_Demo_AppUITests.swift */; };
		9E84F5DE28FE9BDD0082A1DC /* SwiftUI_Demo_AppUITestsLaunchTests.swift in Sources */ = {isa = PBXBuildFile; fileRef = 9E84F5DD28FE9BDD0082A1DC /* SwiftUI_Demo_AppUITestsLaunchTests.swift */; };
/* End PBXBuildFile section */

/* Begin PBXContainerItemProxy section */
		9E84F4A528F479770082A1DC /* PBXContainerItemProxy */ = {
			isa = PBXContainerItemProxy;
			containerPortal = 9E84F46428EF318B0082A1DC /* Project object */;
			proxyType = 1;
			remoteGlobalIDString = 9E84F49C28F479770082A1DC;
			remoteInfo = ShareExtension;
		};
		9E84F5DF28FE9BDD0082A1DC /* PBXContainerItemProxy */ = {
			isa = PBXContainerItemProxy;
			containerPortal = 9E84F46428EF318B0082A1DC /* Project object */;
			proxyType = 1;
			remoteGlobalIDString = 9E84F46B28EF318B0082A1DC;
			remoteInfo = "SwiftUI Demo App";
		};
/* End PBXContainerItemProxy section */

/* Begin PBXCopyFilesBuildPhase section */
		9E84F4A828F479770082A1DC /* Embed Foundation Extensions */ = {
			isa = PBXCopyFilesBuildPhase;
			buildActionMask = 2147483647;
			dstPath = "";
			dstSubfolderSpec = 13;
			files = (
				9E84F4A728F479770082A1DC /* ShareExtension.appex in Embed Foundation Extensions */,
			);
			name = "Embed Foundation Extensions";
			runOnlyForDeploymentPostprocessing = 0;
		};
/* End PBXCopyFilesBuildPhase section */

/* Begin PBXFileReference section */
		9E84F46C28EF318B0082A1DC /* SwiftUI Demo App.app */ = {isa = PBXFileReference; explicitFileType = wrapper.application; includeInIndex = 0; path = "SwiftUI Demo App.app"; sourceTree = BUILT_PRODUCTS_DIR; };
		9E84F46F28EF318B0082A1DC /* SwiftUI_Demo_AppApp.swift */ = {isa = PBXFileReference; lastKnownFileType = sourcecode.swift; path = SwiftUI_Demo_AppApp.swift; sourceTree = "<group>"; };
		9E84F47128EF318B0082A1DC /* ContentView.swift */ = {isa = PBXFileReference; lastKnownFileType = sourcecode.swift; path = ContentView.swift; sourceTree = "<group>"; };
		9E84F47328EF318C0082A1DC /* Assets.xcassets */ = {isa = PBXFileReference; lastKnownFileType = folder.assetcatalog; path = Assets.xcassets; sourceTree = "<group>"; };
		9E84F47628EF318C0082A1DC /* Preview Assets.xcassets */ = {isa = PBXFileReference; lastKnownFileType = folder.assetcatalog; path = "Preview Assets.xcassets"; sourceTree = "<group>"; };
		9E84F49D28F479770082A1DC /* ShareExtension.appex */ = {isa = PBXFileReference; explicitFileType = "wrapper.app-extension"; includeInIndex = 0; path = ShareExtension.appex; sourceTree = BUILT_PRODUCTS_DIR; };
		9E84F49F28F479770082A1DC /* ShareViewController.swift */ = {isa = PBXFileReference; lastKnownFileType = sourcecode.swift; path = ShareViewController.swift; sourceTree = "<group>"; };
		9E84F4A228F479770082A1DC /* Base */ = {isa = PBXFileReference; lastKnownFileType = file.storyboard; name = Base; path = Base.lproj/MainInterface.storyboard; sourceTree = "<group>"; };
		9E84F4A428F479770082A1DC /* Info.plist */ = {isa = PBXFileReference; lastKnownFileType = text.plist.xml; path = Info.plist; sourceTree = "<group>"; };
		9E84F4B028F47AA50082A1DC /* MacShareExtension.appex */ = {isa = PBXFileReference; explicitFileType = "wrapper.app-extension"; includeInIndex = 0; path = MacShareExtension.appex; sourceTree = BUILT_PRODUCTS_DIR; };
		9E84F4B228F47AA50082A1DC /* icon.icns */ = {isa = PBXFileReference; lastKnownFileType = image.icns; path = icon.icns; sourceTree = "<group>"; };
		9E84F4B428F47AA50082A1DC /* ShareViewController.swift */ = {isa = PBXFileReference; lastKnownFileType = sourcecode.swift; path = ShareViewController.swift; sourceTree = "<group>"; };
		9E84F4B728F47AA50082A1DC /* Base */ = {isa = PBXFileReference; lastKnownFileType = file.xib; name = Base; path = Base.lproj/ShareViewController.xib; sourceTree = "<group>"; };
		9E84F4B928F47AA50082A1DC /* Info.plist */ = {isa = PBXFileReference; lastKnownFileType = text.plist.xml; path = Info.plist; sourceTree = "<group>"; };
		9E84F4BA28F47AA50082A1DC /* MacShareExtension.entitlements */ = {isa = PBXFileReference; lastKnownFileType = text.plist.entitlements; path = MacShareExtension.entitlements; sourceTree = "<group>"; };
		9E84F4BE28F47D850082A1DC /* SwiftUI Demo App.entitlements */ = {isa = PBXFileReference; lastKnownFileType = text.plist.entitlements; path = "SwiftUI Demo App.entitlements"; sourceTree = "<group>"; };
		9E84F4BF28F4851C0082A1DC /* CardView.swift */ = {isa = PBXFileReference; lastKnownFileType = sourcecode.swift; path = CardView.swift; sourceTree = "<group>"; };
		9E84F4C228F485F40082A1DC /* WeatherKit.framework */ = {isa = PBXFileReference; lastKnownFileType = wrapper.framework; name = WeatherKit.framework; path = System/Library/Frameworks/WeatherKit.framework; sourceTree = SDKROOT; };
		9E84F5D928FE9BDD0082A1DC /* SwiftUI Demo AppUITests.xctest */ = {isa = PBXFileReference; explicitFileType = wrapper.cfbundle; includeInIndex = 0; path = "SwiftUI Demo AppUITests.xctest"; sourceTree = BUILT_PRODUCTS_DIR; };
		9E84F5DB28FE9BDD0082A1DC /* SwiftUI_Demo_AppUITests.swift */ = {isa = PBXFileReference; lastKnownFileType = sourcecode.swift; path = SwiftUI_Demo_AppUITests.swift; sourceTree = "<group>"; };
		9E84F5DD28FE9BDD0082A1DC /* SwiftUI_Demo_AppUITestsLaunchTests.swift */ = {isa = PBXFileReference; lastKnownFileType = sourcecode.swift; path = SwiftUI_Demo_AppUITestsLaunchTests.swift; sourceTree = "<group>"; };
/* End PBXFileReference section */

/* Begin PBXFrameworksBuildPhase section */
		9E84F46928EF318B0082A1DC /* Frameworks */ = {
			isa = PBXFrameworksBuildPhase;
			buildActionMask = 2147483647;
			files = (
				9E84F4C328F485F50082A1DC /* WeatherKit.framework in Frameworks */,
			);
			runOnlyForDeploymentPostprocessing = 0;
		};
		9E84F49A28F479770082A1DC /* Frameworks */ = {
			isa = PBXFrameworksBuildPhase;
			buildActionMask = 2147483647;
			files = (
			);
			runOnlyForDeploymentPostprocessing = 0;
		};
		9E84F4AD28F47AA50082A1DC /* Frameworks */ = {
			isa = PBXFrameworksBuildPhase;
			buildActionMask = 2147483647;
			files = (
			);
			runOnlyForDeploymentPostprocessing = 0;
		};
		9E84F5D628FE9BDD0082A1DC /* Frameworks */ = {
			isa = PBXFrameworksBuildPhase;
			buildActionMask = 2147483647;
			files = (
			);
			runOnlyForDeploymentPostprocessing = 0;
		};
/* End PBXFrameworksBuildPhase section */

/* Begin PBXGroup section */
		9E84F46328EF318B0082A1DC = {
			isa = PBXGroup;
			children = (
				9E84F46E28EF318B0082A1DC /* SwiftUI Demo App */,
				9E84F49E28F479770082A1DC /* ShareExtension */,
				9E84F4B128F47AA50082A1DC /* MacShareExtension */,
				9E84F5DA28FE9BDD0082A1DC /* SwiftUI Demo AppUITests */,
				9E84F46D28EF318B0082A1DC /* Products */,
				9E84F4C128F485F40082A1DC /* Frameworks */,
			);
			sourceTree = "<group>";
		};
		9E84F46D28EF318B0082A1DC /* Products */ = {
			isa = PBXGroup;
			children = (
				9E84F46C28EF318B0082A1DC /* SwiftUI Demo App.app */,
				9E84F49D28F479770082A1DC /* ShareExtension.appex */,
				9E84F4B028F47AA50082A1DC /* MacShareExtension.appex */,
				9E84F5D928FE9BDD0082A1DC /* SwiftUI Demo AppUITests.xctest */,
			);
			name = Products;
			sourceTree = "<group>";
		};
		9E84F46E28EF318B0082A1DC /* SwiftUI Demo App */ = {
			isa = PBXGroup;
			children = (
				9E84F4BE28F47D850082A1DC /* SwiftUI Demo App.entitlements */,
				9E84F46F28EF318B0082A1DC /* SwiftUI_Demo_AppApp.swift */,
				9E84F47128EF318B0082A1DC /* ContentView.swift */,
				9E84F4BF28F4851C0082A1DC /* CardView.swift */,
				9E84F47328EF318C0082A1DC /* Assets.xcassets */,
				9E84F47528EF318C0082A1DC /* Preview Content */,
			);
			path = "SwiftUI Demo App";
			sourceTree = "<group>";
		};
		9E84F47528EF318C0082A1DC /* Preview Content */ = {
			isa = PBXGroup;
			children = (
				9E84F47628EF318C0082A1DC /* Preview Assets.xcassets */,
			);
			path = "Preview Content";
			sourceTree = "<group>";
		};
		9E84F49E28F479770082A1DC /* ShareExtension */ = {
			isa = PBXGroup;
			children = (
				9E84F49F28F479770082A1DC /* ShareViewController.swift */,
				9E84F4A128F479770082A1DC /* MainInterface.storyboard */,
				9E84F4A428F479770082A1DC /* Info.plist */,
			);
			path = ShareExtension;
			sourceTree = "<group>";
		};
		9E84F4B128F47AA50082A1DC /* MacShareExtension */ = {
			isa = PBXGroup;
			children = (
				9E84F4B228F47AA50082A1DC /* icon.icns */,
				9E84F4B428F47AA50082A1DC /* ShareViewController.swift */,
				9E84F4B628F47AA50082A1DC /* ShareViewController.xib */,
				9E84F4B928F47AA50082A1DC /* Info.plist */,
				9E84F4BA28F47AA50082A1DC /* MacShareExtension.entitlements */,
			);
			path = MacShareExtension;
			sourceTree = "<group>";
		};
		9E84F4C128F485F40082A1DC /* Frameworks */ = {
			isa = PBXGroup;
			children = (
				9E84F4C228F485F40082A1DC /* WeatherKit.framework */,
			);
			name = Frameworks;
			sourceTree = "<group>";
		};
		9E84F5DA28FE9BDD0082A1DC /* SwiftUI Demo AppUITests */ = {
			isa = PBXGroup;
			children = (
				9E84F5DB28FE9BDD0082A1DC /* SwiftUI_Demo_AppUITests.swift */,
				9E84F5DD28FE9BDD0082A1DC /* SwiftUI_Demo_AppUITestsLaunchTests.swift */,
			);
			path = "SwiftUI Demo AppUITests";
			sourceTree = "<group>";
		};
/* End PBXGroup section */

/* Begin PBXNativeTarget section */
		9E84F46B28EF318B0082A1DC /* SwiftUI Demo App */ = {
			isa = PBXNativeTarget;
			buildConfigurationList = 9E84F47A28EF318C0082A1DC /* Build configuration list for PBXNativeTarget "SwiftUI Demo App" */;
			buildPhases = (
				9E84F46828EF318B0082A1DC /* Sources */,
				9E84F46928EF318B0082A1DC /* Frameworks */,
				9E84F46A28EF318B0082A1DC /* Resources */,
				9E84F4A828F479770082A1DC /* Embed Foundation Extensions */,
			);
			buildRules = (
			);
			dependencies = (
				9E84F4A628F479770082A1DC /* PBXTargetDependency */,
			);
			name = "SwiftUI Demo App";
			productName = "SwiftUI Demo App";
			productReference = 9E84F46C28EF318B0082A1DC /* SwiftUI Demo App.app */;
			productType = "com.apple.product-type.application";
		};
		9E84F49C28F479770082A1DC /* ShareExtension */ = {
			isa = PBXNativeTarget;
			buildConfigurationList = 9E84F4AB28F479770082A1DC /* Build configuration list for PBXNativeTarget "ShareExtension" */;
			buildPhases = (
				9E84F49928F479770082A1DC /* Sources */,
				9E84F49A28F479770082A1DC /* Frameworks */,
				9E84F49B28F479770082A1DC /* Resources */,
			);
			buildRules = (
			);
			dependencies = (
			);
			name = ShareExtension;
			productName = ShareExtension;
			productReference = 9E84F49D28F479770082A1DC /* ShareExtension.appex */;
			productType = "com.apple.product-type.app-extension";
		};
		9E84F4AF28F47AA50082A1DC /* MacShareExtension */ = {
			isa = PBXNativeTarget;
			buildConfigurationList = 9E84F4BB28F47AA50082A1DC /* Build configuration list for PBXNativeTarget "MacShareExtension" */;
			buildPhases = (
				9E84F4AC28F47AA50082A1DC /* Sources */,
				9E84F4AD28F47AA50082A1DC /* Frameworks */,
				9E84F4AE28F47AA50082A1DC /* Resources */,
			);
			buildRules = (
			);
			dependencies = (
			);
			name = MacShareExtension;
			productName = MacShareExtension;
			productReference = 9E84F4B028F47AA50082A1DC /* MacShareExtension.appex */;
			productType = "com.apple.product-type.app-extension";
		};
		9E84F5D828FE9BDD0082A1DC /* SwiftUI Demo AppUITests */ = {
			isa = PBXNativeTarget;
			buildConfigurationList = 9E84F5E328FE9BDD0082A1DC /* Build configuration list for PBXNativeTarget "SwiftUI Demo AppUITests" */;
			buildPhases = (
				9E84F5D528FE9BDD0082A1DC /* Sources */,
				9E84F5D628FE9BDD0082A1DC /* Frameworks */,
				9E84F5D728FE9BDD0082A1DC /* Resources */,
			);
			buildRules = (
			);
			dependencies = (
				9E84F5E028FE9BDD0082A1DC /* PBXTargetDependency */,
			);
			name = "SwiftUI Demo AppUITests";
			productName = "SwiftUI Demo AppUITests";
			productReference = 9E84F5D928FE9BDD0082A1DC /* SwiftUI Demo AppUITests.xctest */;
			productType = "com.apple.product-type.bundle.ui-testing";
		};
/* End PBXNativeTarget section */

/* Begin PBXProject section */
		9E84F46428EF318B0082A1DC /* Project object */ = {
			isa = PBXProject;
			attributes = {
				BuildIndependentTargetsInParallel = 1;
				LastSwiftUpdateCheck = 1400;
				LastUpgradeCheck = 1400;
				TargetAttributes = {
					9E84F46B28EF318B0082A1DC = {
						CreatedOnToolsVersion = 14.0.1;
					};
					9E84F49C28F479770082A1DC = {
						CreatedOnToolsVersion = 14.0.1;
					};
					9E84F4AF28F47AA50082A1DC = {
						CreatedOnToolsVersion = 14.0.1;
					};
					9E84F5D828FE9BDD0082A1DC = {
						CreatedOnToolsVersion = 14.0.1;
						TestTargetID = 9E84F46B28EF318B0082A1DC;
					};
				};
			};
			buildConfigurationList = 9E84F46728EF318B0082A1DC /* Build configuration list for PBXProject "SwiftUI Demo App" */;
			compatibilityVersion = "Xcode 14.0";
			developmentRegion = en;
			hasScannedForEncodings = 0;
			knownRegions = (
				en,
				Base,
			);
			mainGroup = 9E84F46328EF318B0082A1DC;
			productRefGroup = 9E84F46D28EF318B0082A1DC /* Products */;
			projectDirPath = "";
			projectRoot = "";
			targets = (
				9E84F46B28EF318B0082A1DC /* SwiftUI Demo App */,
				9E84F49C28F479770082A1DC /* ShareExtension */,
				9E84F4AF28F47AA50082A1DC /* MacShareExtension */,
				9E84F5D828FE9BDD0082A1DC /* SwiftUI Demo AppUITests */,
			);
		};
/* End PBXProject section */

/* Begin PBXResourcesBuildPhase section */
		9E84F46A28EF318B0082A1DC /* Resources */ = {
			isa = PBXResourcesBuildPhase;
			buildActionMask = 2147483647;
			files = (
				9E84F47728EF318C0082A1DC /* Preview Assets.xcassets in Resources */,
				9E84F47428EF318C0082A1DC /* Assets.xcassets in Resources */,
			);
			runOnlyForDeploymentPostprocessing = 0;
		};
		9E84F49B28F479770082A1DC /* Resources */ = {
			isa = PBXResourcesBuildPhase;
			buildActionMask = 2147483647;
			files = (
				9E84F4A328F479770082A1DC /* MainInterface.storyboard in Resources */,
			);
			runOnlyForDeploymentPostprocessing = 0;
		};
		9E84F4AE28F47AA50082A1DC /* Resources */ = {
			isa = PBXResourcesBuildPhase;
			buildActionMask = 2147483647;
			files = (
				9E84F4B828F47AA50082A1DC /* ShareViewController.xib in Resources */,
				9E84F4B328F47AA50082A1DC /* icon.icns in Resources */,
			);
			runOnlyForDeploymentPostprocessing = 0;
		};
		9E84F5D728FE9BDD0082A1DC /* Resources */ = {
			isa = PBXResourcesBuildPhase;
			buildActionMask = 2147483647;
			files = (
			);
			runOnlyForDeploymentPostprocessing = 0;
		};
/* End PBXResourcesBuildPhase section */

/* Begin PBXSourcesBuildPhase section */
		9E84F46828EF318B0082A1DC /* Sources */ = {
			isa = PBXSourcesBuildPhase;
			buildActionMask = 2147483647;
			files = (
				9E84F47228EF318B0082A1DC /* ContentView.swift in Sources */,
				9E84F47028EF318B0082A1DC /* SwiftUI_Demo_AppApp.swift in Sources */,
			);
			runOnlyForDeploymentPostprocessing = 0;
		};
		9E84F49928F479770082A1DC /* Sources */ = {
			isa = PBXSourcesBuildPhase;
			buildActionMask = 2147483647;
			files = (
				9E84F4A028F479770082A1DC /* ShareViewController.swift in Sources */,
			);
			runOnlyForDeploymentPostprocessing = 0;
		};
		9E84F4AC28F47AA50082A1DC /* Sources */ = {
			isa = PBXSourcesBuildPhase;
			buildActionMask = 2147483647;
			files = (
				9E84F4B528F47AA50082A1DC /* ShareViewController.swift in Sources */,
			);
			runOnlyForDeploymentPostprocessing = 0;
		};
		9E84F5D528FE9BDD0082A1DC /* Sources */ = {
			isa = PBXSourcesBuildPhase;
			buildActionMask = 2147483647;
			files = (
				9E84F5DC28FE9BDD0082A1DC /* SwiftUI_Demo_AppUITests.swift in Sources */,
				9E84F5DE28FE9BDD0082A1DC /* SwiftUI_Demo_AppUITestsLaunchTests.swift in Sources */,
			);
			runOnlyForDeploymentPostprocessing = 0;
		};
/* End PBXSourcesBuildPhase section */

/* Begin PBXTargetDependency section */
		9E84F4A628F479770082A1DC /* PBXTargetDependency */ = {
			isa = PBXTargetDependency;
			target = 9E84F49C28F479770082A1DC /* ShareExtension */;
			targetProxy = 9E84F4A528F479770082A1DC /* PBXContainerItemProxy */;
		};
		9E84F5E028FE9BDD0082A1DC /* PBXTargetDependency */ = {
			isa = PBXTargetDependency;
			target = 9E84F46B28EF318B0082A1DC /* SwiftUI Demo App */;
			targetProxy = 9E84F5DF28FE9BDD0082A1DC /* PBXContainerItemProxy */;
		};
/* End PBXTargetDependency section */

/* Begin PBXVariantGroup section */
		9E84F4A128F479770082A1DC /* MainInterface.storyboard */ = {
			isa = PBXVariantGroup;
			children = (
				9E84F4A228F479770082A1DC /* Base */,
			);
			name = MainInterface.storyboard;
			sourceTree = "<group>";
		};
		9E84F4B628F47AA50082A1DC /* ShareViewController.xib */ = {
			isa = PBXVariantGroup;
			children = (
				9E84F4B728F47AA50082A1DC /* Base */,
			);
			name = ShareViewController.xib;
			sourceTree = "<group>";
		};
/* End PBXVariantGroup section */

/* Begin XCBuildConfiguration section */
		9E84F47828EF318C0082A1DC /* Debug */ = {
			isa = XCBuildConfiguration;
			buildSettings = {
				ALWAYS_SEARCH_USER_PATHS = NO;
				CLANG_ANALYZER_NONNULL = YES;
				CLANG_ANALYZER_NUMBER_OBJECT_CONVERSION = YES_AGGRESSIVE;
				CLANG_CXX_LANGUAGE_STANDARD = "gnu++20";
				CLANG_ENABLE_MODULES = YES;
				CLANG_ENABLE_OBJC_ARC = YES;
				CLANG_ENABLE_OBJC_WEAK = YES;
				CLANG_WARN_BLOCK_CAPTURE_AUTORELEASING = YES;
				CLANG_WARN_BOOL_CONVERSION = YES;
				CLANG_WARN_COMMA = YES;
				CLANG_WARN_CONSTANT_CONVERSION = YES;
				CLANG_WARN_DEPRECATED_OBJC_IMPLEMENTATIONS = YES;
				CLANG_WARN_DIRECT_OBJC_ISA_USAGE = YES_ERROR;
				CLANG_WARN_DOCUMENTATION_COMMENTS = YES;
				CLANG_WARN_EMPTY_BODY = YES;
				CLANG_WARN_ENUM_CONVERSION = YES;
				CLANG_WARN_INFINITE_RECURSION = YES;
				CLANG_WARN_INT_CONVERSION = YES;
				CLANG_WARN_NON_LITERAL_NULL_CONVERSION = YES;
				CLANG_WARN_OBJC_IMPLICIT_RETAIN_SELF = YES;
				CLANG_WARN_OBJC_LITERAL_CONVERSION = YES;
				CLANG_WARN_OBJC_ROOT_CLASS = YES_ERROR;
				CLANG_WARN_QUOTED_INCLUDE_IN_FRAMEWORK_HEADER = YES;
				CLANG_WARN_RANGE_LOOP_ANALYSIS = YES;
				CLANG_WARN_STRICT_PROTOTYPES = YES;
				CLANG_WARN_SUSPICIOUS_MOVE = YES;
				CLANG_WARN_UNGUARDED_AVAILABILITY = YES_AGGRESSIVE;
				CLANG_WARN_UNREACHABLE_CODE = YES;
				CLANG_WARN__DUPLICATE_METHOD_MATCH = YES;
				COPY_PHASE_STRIP = NO;
				DEBUG_INFORMATION_FORMAT = dwarf;
				ENABLE_STRICT_OBJC_MSGSEND = YES;
				ENABLE_TESTABILITY = YES;
				GCC_C_LANGUAGE_STANDARD = gnu11;
				GCC_DYNAMIC_NO_PIC = NO;
				GCC_NO_COMMON_BLOCKS = YES;
				GCC_OPTIMIZATION_LEVEL = 0;
				GCC_PREPROCESSOR_DEFINITIONS = (
					"DEBUG=1",
					"$(inherited)",
				);
				GCC_WARN_64_TO_32_BIT_CONVERSION = YES;
				GCC_WARN_ABOUT_RETURN_TYPE = YES_ERROR;
				GCC_WARN_UNDECLARED_SELECTOR = YES;
				GCC_WARN_UNINITIALIZED_AUTOS = YES_AGGRESSIVE;
				GCC_WARN_UNUSED_FUNCTION = YES;
				GCC_WARN_UNUSED_VARIABLE = YES;
				IPHONEOS_DEPLOYMENT_TARGET = 16.0;
				MTL_ENABLE_DEBUG_INFO = INCLUDE_SOURCE;
				MTL_FAST_MATH = YES;
				ONLY_ACTIVE_ARCH = YES;
				SDKROOT = iphoneos;
				SWIFT_ACTIVE_COMPILATION_CONDITIONS = DEBUG;
				SWIFT_OPTIMIZATION_LEVEL = "-Onone";
			};
			name = Debug;
		};
		9E84F47928EF318C0082A1DC /* Release */ = {
			isa = XCBuildConfiguration;
			buildSettings = {
				ALWAYS_SEARCH_USER_PATHS = NO;
				CLANG_ANALYZER_NONNULL = YES;
				CLANG_ANALYZER_NUMBER_OBJECT_CONVERSION = YES_AGGRESSIVE;
				CLANG_CXX_LANGUAGE_STANDARD = "gnu++20";
				CLANG_ENABLE_MODULES = YES;
				CLANG_ENABLE_OBJC_ARC = YES;
				CLANG_ENABLE_OBJC_WEAK = YES;
				CLANG_WARN_BLOCK_CAPTURE_AUTORELEASING = YES;
				CLANG_WARN_BOOL_CONVERSION = YES;
				CLANG_WARN_COMMA = YES;
				CLANG_WARN_CONSTANT_CONVERSION = YES;
				CLANG_WARN_DEPRECATED_OBJC_IMPLEMENTATIONS = YES;
				CLANG_WARN_DIRECT_OBJC_ISA_USAGE = YES_ERROR;
				CLANG_WARN_DOCUMENTATION_COMMENTS = YES;
				CLANG_WARN_EMPTY_BODY = YES;
				CLANG_WARN_ENUM_CONVERSION = YES;
				CLANG_WARN_INFINITE_RECURSION = YES;
				CLANG_WARN_INT_CONVERSION = YES;
				CLANG_WARN_NON_LITERAL_NULL_CONVERSION = YES;
				CLANG_WARN_OBJC_IMPLICIT_RETAIN_SELF = YES;
				CLANG_WARN_OBJC_LITERAL_CONVERSION = YES;
				CLANG_WARN_OBJC_ROOT_CLASS = YES_ERROR;
				CLANG_WARN_QUOTED_INCLUDE_IN_FRAMEWORK_HEADER = YES;
				CLANG_WARN_RANGE_LOOP_ANALYSIS = YES;
				CLANG_WARN_STRICT_PROTOTYPES = YES;
				CLANG_WARN_SUSPICIOUS_MOVE = YES;
				CLANG_WARN_UNGUARDED_AVAILABILITY = YES_AGGRESSIVE;
				CLANG_WARN_UNREACHABLE_CODE = YES;
				CLANG_WARN__DUPLICATE_METHOD_MATCH = YES;
				COPY_PHASE_STRIP = NO;
				DEBUG_INFORMATION_FORMAT = "dwarf-with-dsym";
				ENABLE_NS_ASSERTIONS = NO;
				ENABLE_STRICT_OBJC_MSGSEND = YES;
				GCC_C_LANGUAGE_STANDARD = gnu11;
				GCC_NO_COMMON_BLOCKS = YES;
				GCC_WARN_64_TO_32_BIT_CONVERSION = YES;
				GCC_WARN_ABOUT_RETURN_TYPE = YES_ERROR;
				GCC_WARN_UNDECLARED_SELECTOR = YES;
				GCC_WARN_UNINITIALIZED_AUTOS = YES_AGGRESSIVE;
				GCC_WARN_UNUSED_FUNCTION = YES;
				GCC_WARN_UNUSED_VARIABLE = YES;
				IPHONEOS_DEPLOYMENT_TARGET = 16.0;
				MTL_ENABLE_DEBUG_INFO = NO;
				MTL_FAST_MATH = YES;
				SDKROOT = iphoneos;
				SWIFT_COMPILATION_MODE = wholemodule;
				SWIFT_OPTIMIZATION_LEVEL = "-O";
				VALIDATE_PRODUCT = YES;
			};
			name = Release;
		};
		9E84F47B28EF318C0082A1DC /* Debug */ = {
			isa = XCBuildConfiguration;
			buildSettings = {
				ALWAYS_EMBED_SWIFT_STANDARD_LIBRARIES = YES;
				ASSETCATALOG_COMPILER_APPICON_NAME = AppIcon;
				ASSETCATALOG_COMPILER_GLOBAL_ACCENT_COLOR_NAME = AccentColor;
				CODE_SIGN_ENTITLEMENTS = "SwiftUI Demo App/SwiftUI Demo App.entitlements";
				CODE_SIGN_STYLE = Automatic;
				CURRENT_PROJECT_VERSION = 1;
				DEVELOPMENT_ASSET_PATHS = "\"SwiftUI Demo App/Preview Content\"";
				DEVELOPMENT_TEAM = 2L24TQ8W95;
				ENABLE_PREVIEWS = YES;
				GENERATE_INFOPLIST_FILE = YES;
				INFOPLIST_KEY_UIApplicationSceneManifest_Generation = YES;
				INFOPLIST_KEY_UIApplicationSupportsIndirectInputEvents = YES;
				INFOPLIST_KEY_UILaunchScreen_Generation = YES;
				INFOPLIST_KEY_UISupportedInterfaceOrientations = "UIInterfaceOrientationLandscapeLeft UIInterfaceOrientationLandscapeRight UIInterfaceOrientationPortrait UIInterfaceOrientationPortraitUpsideDown";
				IPHONEOS_DEPLOYMENT_TARGET = 14.0;
				LD_RUNPATH_SEARCH_PATHS = (
					"$(inherited)",
					"@executable_path/Frameworks",
				);
				MARKETING_VERSION = 1.1;
				PRODUCT_BUNDLE_IDENTIFIER = "bg.uni-sofia.fmi.demo.swiftui";
				PRODUCT_NAME = "$(TARGET_NAME)";
				SWIFT_EMIT_LOC_STRINGS = YES;
				SWIFT_VERSION = 5.0;
				TARGETED_DEVICE_FAMILY = "1,2";
			};
			name = Debug;
		};
		9E84F47C28EF318C0082A1DC /* Release */ = {
			isa = XCBuildConfiguration;
			buildSettings = {
				ALWAYS_EMBED_SWIFT_STANDARD_LIBRARIES = YES;
				ASSETCATALOG_COMPILER_APPICON_NAME = AppIcon;
				ASSETCATALOG_COMPILER_GLOBAL_ACCENT_COLOR_NAME = AccentColor;
				CODE_SIGN_ENTITLEMENTS = "SwiftUI Demo App/SwiftUI Demo App.entitlements";
				CODE_SIGN_STYLE = Automatic;
				CURRENT_PROJECT_VERSION = 1;
				DEVELOPMENT_ASSET_PATHS = "\"SwiftUI Demo App/Preview Content\"";
				DEVELOPMENT_TEAM = 2L24TQ8W95;
				ENABLE_PREVIEWS = YES;
				GENERATE_INFOPLIST_FILE = YES;
				INFOPLIST_KEY_UIApplicationSceneManifest_Generation = YES;
				INFOPLIST_KEY_UIApplicationSupportsIndirectInputEvents = YES;
				INFOPLIST_KEY_UILaunchScreen_Generation = YES;
				INFOPLIST_KEY_UISupportedInterfaceOrientations = "UIInterfaceOrientationLandscapeLeft UIInterfaceOrientationLandscapeRight UIInterfaceOrientationPortrait UIInterfaceOrientationPortraitUpsideDown";
				IPHONEOS_DEPLOYMENT_TARGET = 14.0;
				LD_RUNPATH_SEARCH_PATHS = (
					"$(inherited)",
					"@executable_path/Frameworks",
				);
				MARKETING_VERSION = 1.1;
				PRODUCT_BUNDLE_IDENTIFIER = "bg.uni-sofia.fmi.demo.swiftui";
				PRODUCT_NAME = "$(TARGET_NAME)";
				SWIFT_EMIT_LOC_STRINGS = YES;
				SWIFT_VERSION = 5.0;
				TARGETED_DEVICE_FAMILY = "1,2";
			};
			name = Release;
		};
		9E84F4A928F479770082A1DC /* Debug */ = {
			isa = XCBuildConfiguration;
			buildSettings = {
				CODE_SIGN_STYLE = Automatic;
				CURRENT_PROJECT_VERSION = 1;
				DEVELOPMENT_TEAM = 2L24TQ8W95;
				GENERATE_INFOPLIST_FILE = YES;
				INFOPLIST_FILE = ShareExtension/Info.plist;
				INFOPLIST_KEY_CFBundleDisplayName = ShareExtension;
				INFOPLIST_KEY_NSHumanReadableCopyright = "";
				LD_RUNPATH_SEARCH_PATHS = (
					"$(inherited)",
					"@executable_path/Frameworks",
					"@executable_path/../../Frameworks",
				);
				MARKETING_VERSION = 1.0;
				PRODUCT_BUNDLE_IDENTIFIER = "bg.uni-sofia.fmi.demo.swiftui.SwiftUI-Demo-App.ShareExtension";
				PRODUCT_NAME = "$(TARGET_NAME)";
				SKIP_INSTALL = YES;
				SWIFT_EMIT_LOC_STRINGS = YES;
				SWIFT_VERSION = 5.0;
				TARGETED_DEVICE_FAMILY = "1,2";
			};
			name = Debug;
		};
		9E84F4AA28F479770082A1DC /* Release */ = {
			isa = XCBuildConfiguration;
			buildSettings = {
				CODE_SIGN_STYLE = Automatic;
				CURRENT_PROJECT_VERSION = 1;
				DEVELOPMENT_TEAM = 2L24TQ8W95;
				GENERATE_INFOPLIST_FILE = YES;
				INFOPLIST_FILE = ShareExtension/Info.plist;
				INFOPLIST_KEY_CFBundleDisplayName = ShareExtension;
				INFOPLIST_KEY_NSHumanReadableCopyright = "";
				LD_RUNPATH_SEARCH_PATHS = (
					"$(inherited)",
					"@executable_path/Frameworks",
					"@executable_path/../../Frameworks",
				);
				MARKETING_VERSION = 1.0;
				PRODUCT_BUNDLE_IDENTIFIER = "bg.uni-sofia.fmi.demo.swiftui.SwiftUI-Demo-App.ShareExtension";
				PRODUCT_NAME = "$(TARGET_NAME)";
				SKIP_INSTALL = YES;
				SWIFT_EMIT_LOC_STRINGS = YES;
				SWIFT_VERSION = 5.0;
				TARGETED_DEVICE_FAMILY = "1,2";
			};
			name = Release;
		};
		9E84F4BC28F47AA50082A1DC /* Debug */ = {
			isa = XCBuildConfiguration;
			buildSettings = {
				CODE_SIGN_ENTITLEMENTS = MacShareExtension/MacShareExtension.entitlements;
				CODE_SIGN_STYLE = Automatic;
				COMBINE_HIDPI_IMAGES = YES;
				CURRENT_PROJECT_VERSION = 1;
				DEVELOPMENT_TEAM = 2L24TQ8W95;
				ENABLE_HARDENED_RUNTIME = YES;
				GENERATE_INFOPLIST_FILE = YES;
				INFOPLIST_FILE = MacShareExtension/Info.plist;
				INFOPLIST_KEY_CFBundleDisplayName = MacShareExtension;
				INFOPLIST_KEY_NSHumanReadableCopyright = "";
				LD_RUNPATH_SEARCH_PATHS = (
					"$(inherited)",
					"@executable_path/../Frameworks",
					"@executable_path/../../../../Frameworks",
				);
				MACOSX_DEPLOYMENT_TARGET = 12.3;
				MARKETING_VERSION = 1.0;
				PRODUCT_BUNDLE_IDENTIFIER = "bg.uni-sofia.fmi.demo.swiftui.MacShareExtension";
				PRODUCT_NAME = "$(TARGET_NAME)";
				SDKROOT = macosx;
				SKIP_INSTALL = YES;
				SWIFT_EMIT_LOC_STRINGS = YES;
				SWIFT_VERSION = 5.0;
			};
			name = Debug;
		};
		9E84F4BD28F47AA50082A1DC /* Release */ = {
			isa = XCBuildConfiguration;
			buildSettings = {
				CODE_SIGN_ENTITLEMENTS = MacShareExtension/MacShareExtension.entitlements;
				CODE_SIGN_STYLE = Automatic;
				COMBINE_HIDPI_IMAGES = YES;
				CURRENT_PROJECT_VERSION = 1;
				DEVELOPMENT_TEAM = 2L24TQ8W95;
				ENABLE_HARDENED_RUNTIME = YES;
				GENERATE_INFOPLIST_FILE = YES;
				INFOPLIST_FILE = MacShareExtension/Info.plist;
				INFOPLIST_KEY_CFBundleDisplayName = MacShareExtension;
				INFOPLIST_KEY_NSHumanReadableCopyright = "";
				LD_RUNPATH_SEARCH_PATHS = (
					"$(inherited)",
					"@executable_path/../Frameworks",
					"@executable_path/../../../../Frameworks",
				);
				MACOSX_DEPLOYMENT_TARGET = 12.3;
				MARKETING_VERSION = 1.0;
				PRODUCT_BUNDLE_IDENTIFIER = "bg.uni-sofia.fmi.demo.swiftui.MacShareExtension";
				PRODUCT_NAME = "$(TARGET_NAME)";
				SDKROOT = macosx;
				SKIP_INSTALL = YES;
				SWIFT_EMIT_LOC_STRINGS = YES;
				SWIFT_VERSION = 5.0;
			};
			name = Release;
		};
		9E84F5E128FE9BDD0082A1DC /* Debug */ = {
			isa = XCBuildConfiguration;
			buildSettings = {
				CODE_SIGN_STYLE = Automatic;
				CURRENT_PROJECT_VERSION = 1;
				DEVELOPMENT_TEAM = 2L24TQ8W95;
				GENERATE_INFOPLIST_FILE = YES;
				MARKETING_VERSION = 1.0;
				PRODUCT_BUNDLE_IDENTIFIER = "bg.uni-sofia.fmi.demo.swiftui.SwiftUI-Demo-AppUITests";
				PRODUCT_NAME = "$(TARGET_NAME)";
				SWIFT_EMIT_LOC_STRINGS = NO;
				SWIFT_VERSION = 5.0;
				TARGETED_DEVICE_FAMILY = "1,2";
				TEST_TARGET_NAME = "SwiftUI Demo App";
			};
			name = Debug;
		};
		9E84F5E228FE9BDD0082A1DC /* Release */ = {
			isa = XCBuildConfiguration;
			buildSettings = {
				CODE_SIGN_STYLE = Automatic;
				CURRENT_PROJECT_VERSION = 1;
				DEVELOPMENT_TEAM = 2L24TQ8W95;
				GENERATE_INFOPLIST_FILE = YES;
				MARKETING_VERSION = 1.0;
				PRODUCT_BUNDLE_IDENTIFIER = "bg.uni-sofia.fmi.demo.swiftui.SwiftUI-Demo-AppUITests";
				PRODUCT_NAME = "$(TARGET_NAME)";
				SWIFT_EMIT_LOC_STRINGS = NO;
				SWIFT_VERSION = 5.0;
				TARGETED_DEVICE_FAMILY = "1,2";
				TEST_TARGET_NAME = "SwiftUI Demo App";
			};
			name = Release;
		};
/* End XCBuildConfiguration section */

/* Begin XCConfigurationList section */
		9E84F46728EF318B0082A1DC /* Build configuration list for PBXProject "SwiftUI Demo App" */ = {
			isa = XCConfigurationList;
			buildConfigurations = (
				9E84F47828EF318C0082A1DC /* Debug */,
				9E84F47928EF318C0082A1DC /* Release */,
			);
			defaultConfigurationIsVisible = 0;
			defaultConfigurationName = Release;
		};
		9E84F47A28EF318C0082A1DC /* Build configuration list for PBXNativeTarget "SwiftUI Demo App" */ = {
			isa = XCConfigurationList;
			buildConfigurations = (
				9E84F47B28EF318C0082A1DC /* Debug */,
				9E84F47C28EF318C0082A1DC /* Release */,
			);
			defaultConfigurationIsVisible = 0;
			defaultConfigurationName = Release;
		};
		9E84F4AB28F479770082A1DC /* Build configuration list for PBXNativeTarget "ShareExtension" */ = {
			isa = XCConfigurationList;
			buildConfigurations = (
				9E84F4A928F479770082A1DC /* Debug */,
				9E84F4AA28F479770082A1DC /* Release */,
			);
			defaultConfigurationIsVisible = 0;
			defaultConfigurationName = Release;
		};
		9E84F4BB28F47AA50082A1DC /* Build configuration list for PBXNativeTarget "MacShareExtension" */ = {
			isa = XCConfigurationList;
			buildConfigurations = (
				9E84F4BC28F47AA50082A1DC /* Debug */,
				9E84F4BD28F47AA50082A1DC /* Release */,
			);
			defaultConfigurationIsVisible = 0;
			defaultConfigurationName = Release;
		};
		9E84F5E328FE9BDD0082A1DC /* Build configuration list for PBXNativeTarget "SwiftUI Demo AppUITests" */ = {
			isa = XCConfigurationList;
			buildConfigurations = (
				9E84F5E128FE9BDD0082A1DC /* Debug */,
				9E84F5E228FE9BDD0082A1DC /* Release */,
			);
			defaultConfigurationIsVisible = 0;
			defaultConfigurationName = Release;
		};
/* End XCConfigurationList section */
	};
	rootObject = 9E84F46428EF318B0082A1DC /* Project object */;
}
